
Microsoft Visual Studio Solution File, Format Version 12.00
# Visual Studio Version 17
VisualStudioVersion = 17.7.34018.315
MinimumVisualStudioVersion = 10.0.40219.1
Project("{FAE04EC0-301F-11D3-BF4B-00C04F79EFBC}") = "Kujundusevebe", "Kujundusevebe\Kujundusevebe.csproj", "{2893DAD9-18D5-4F50-ADAF-10AA403E7F34}"
EndProject
Global
	GlobalSection(SolutionConfigurationPlatforms) = preSolution
		Debug|Any CPU = Debug|Any CPU
		Release|Any CPU = Release|Any CPU
	EndGlobalSection
	GlobalSection(ProjectConfigurationPlatforms) = postSolution
		{2893DAD9-18D5-4F50-ADAF-10AA403E7F34}.Debug|Any CPU.ActiveCfg = Debug|Any CPU
		{2893DAD9-18D5-4F50-ADAF-10AA403E7F34}.Debug|Any CPU.Build.0 = Debug|Any CPU
		{2893DAD9-18D5-4F50-ADAF-10AA403E7F34}.Release|Any CPU.ActiveCfg = Release|Any CPU
		{2893DAD9-18D5-4F50-ADAF-10AA403E7F34}.Release|Any CPU.Build.0 = Release|Any CPU
	EndGlobalSection
	GlobalSection(SolutionProperties) = preSolution
		HideSolutionNode = FALSE
	EndGlobalSection
	GlobalSection(ExtensibilityGlobals) = postSolution
		SolutionGuid = {22CA77D0-BBB3-4946-ADD9-3A61CE651D80}
	EndGlobalSection
EndGlobal
